
Microsoft Visual Studio Solution File, Format Version 12.00
# Visual Studio Version 17
VisualStudioVersion = 17.4.33213.308
MinimumVisualStudioVersion = 10.0.40219.1
Project("{FAE04EC0-301F-11D3-BF4B-00C04F79EFBC}") = "HTTP_TASK02", "HTTP_TASK02\HTTP_TASK02.csproj", "{0CB8F173-5B38-43B4-B508-64B2761C7CDC}"
EndProject
Global
	GlobalSection(SolutionConfigurationPlatforms) = preSolution
		Debug|Any CPU = Debug|Any CPU
		Release|Any CPU = Release|Any CPU
	EndGlobalSection
	GlobalSection(ProjectConfigurationPlatforms) = postSolution
		{0CB8F173-5B38-43B4-B508-64B2761C7CDC}.Debug|Any CPU.ActiveCfg = Debug|Any CPU
		{0CB8F173-5B38-43B4-B508-64B2761C7CDC}.Debug|Any CPU.Build.0 = Debug|Any CPU
		{0CB8F173-5B38-43B4-B508-64B2761C7CDC}.Release|Any CPU.ActiveCfg = Release|Any CPU
		{0CB8F173-5B38-43B4-B508-64B2761C7CDC}.Release|Any CPU.Build.0 = Release|Any CPU
	EndGlobalSection
	GlobalSection(SolutionProperties) = preSolution
		HideSolutionNode = FALSE
	EndGlobalSection
	GlobalSection(ExtensibilityGlobals) = postSolution
		SolutionGuid = {DCD60FA8-AF08-452D-98CC-D24F5D1A2CD8}
	EndGlobalSection
EndGlobal
